// !$*UTF8*$!
{
	archiveVersion = 1;
	classes = {
	};
	objectVersion = 77;
	objects = {

/* Begin PBXBuildFile section */
		148D1D53F89A4533BA451031 /* RevenueCatUI in Frameworks */ = {isa = PBXBuildFile; productRef = 4696093591D64506A131132A /* RevenueCatUI */; };
		888C07D2D3EB4F949FEAC5AC /* RevenueCat in Frameworks */ = {isa = PBXBuildFile; productRef = 514BA6AD05BB44498B9DBD0C /* RevenueCat */; };
/* End PBXBuildFile section */

/* Begin PBXContainerItemProxy section */
		370E5BBB2E5127EF003BFDC4 /* PBXContainerItemProxy */ = {
			isa = PBXContainerItemProxy;
			containerPortal = 370E5BA12E5127EC003BFDC4 /* Project object */;
			proxyType = 1;
			remoteGlobalIDString = 370E5BA82E5127EC003BFDC4;
			remoteInfo = Cubby;
		};
		370E5BC52E5127EF003BFDC4 /* PBXContainerItemProxy */ = {
			isa = PBXContainerItemProxy;
			containerPortal = 370E5BA12E5127EC003BFDC4 /* Project object */;
			proxyType = 1;
			remoteGlobalIDString = 370E5BA82E5127EC003BFDC4;
			remoteInfo = Cubby;
		};
/* End PBXContainerItemProxy section */

/* Begin PBXFileReference section */
		370E5BA92E5127EC003BFDC4 /* Cubby.app */ = {isa = PBXFileReference; explicitFileType = wrapper.application; includeInIndex = 0; path = Cubby.app; sourceTree = BUILT_PRODUCTS_DIR; };
		370E5BBA2E5127EF003BFDC4 /* CubbyTests.xctest */ = {isa = PBXFileReference; explicitFileType = wrapper.cfbundle; includeInIndex = 0; path = CubbyTests.xctest; sourceTree = BUILT_PRODUCTS_DIR; };
		370E5BC42E5127EF003BFDC4 /* CubbyUITests.xctest */ = {isa = PBXFileReference; explicitFileType = wrapper.cfbundle; includeInIndex = 0; path = CubbyUITests.xctest; sourceTree = BUILT_PRODUCTS_DIR; };
		525045A3693D4325A02E0B1D /* Cubby/Config/Debug.xcconfig */ = {isa = PBXFileReference; lastKnownFileType = text.xcconfig; path = Cubby/Config/Debug.xcconfig; sourceTree = SOURCE_ROOT; };
		90A3B87840CA423C9F8FBEE6 /* Cubby/Config/Release.xcconfig */ = {isa = PBXFileReference; lastKnownFileType = text.xcconfig; path = Cubby/Config/Release.xcconfig; sourceTree = SOURCE_ROOT; };
/* End PBXFileReference section */

/* Begin PBXFileSystemSynchronizedBuildFileExceptionSet section */
		370E5BCC2E5127EF003BFDC4 /* Exceptions for "Cubby" folder in "Cubby" target */ = {
			isa = PBXFileSystemSynchronizedBuildFileExceptionSet;
			membershipExceptions = (
				Info.plist,
			);
			target = 370E5BA82E5127EC003BFDC4 /* Cubby */;
		};
/* End PBXFileSystemSynchronizedBuildFileExceptionSet section */

/* Begin PBXFileSystemSynchronizedRootGroup section */
		370E5BAB2E5127EC003BFDC4 /* Cubby */ = {
			isa = PBXFileSystemSynchronizedRootGroup;
			exceptions = (
				370E5BCC2E5127EF003BFDC4 /* Exceptions for "Cubby" folder in "Cubby" target */,
			);
			path = Cubby;
			sourceTree = "<group>";
		};
		370E5BBD2E5127EF003BFDC4 /* CubbyTests */ = {
			isa = PBXFileSystemSynchronizedRootGroup;
			path = CubbyTests;
			sourceTree = "<group>";
		};
		370E5BC72E5127EF003BFDC4 /* CubbyUITests */ = {
			isa = PBXFileSystemSynchronizedRootGroup;
			path = CubbyUITests;
			sourceTree = "<group>";
		};
/* End PBXFileSystemSynchronizedRootGroup section */

/* Begin PBXFrameworksBuildPhase section */
		370E5BA62E5127EC003BFDC4 /* Frameworks */ = {
			isa = PBXFrameworksBuildPhase;
			buildActionMask = 2147483647;
			files = (
				888C07D2D3EB4F949FEAC5AC /* RevenueCat in Frameworks */,
				148D1D53F89A4533BA451031 /* RevenueCatUI in Frameworks */,
			);
			runOnlyForDeploymentPostprocessing = 0;
		};
		370E5BB72E5127EF003BFDC4 /* Frameworks */ = {
			isa = PBXFrameworksBuildPhase;
			buildActionMask = 2147483647;
			files = (
			);
			runOnlyForDeploymentPostprocessing = 0;
		};
		370E5BC12E5127EF003BFDC4 /* Frameworks */ = {
			isa = PBXFrameworksBuildPhase;
			buildActionMask = 2147483647;
			files = (
			);
			runOnlyForDeploymentPostprocessing = 0;
		};
/* End PBXFrameworksBuildPhase section */

/* Begin PBXGroup section */
		370E5BA02E5127EC003BFDC4 = {
			isa = PBXGroup;
			children = (
				370E5BAB2E5127EC003BFDC4 /* Cubby */,
				370E5BBD2E5127EF003BFDC4 /* CubbyTests */,
				370E5BC72E5127EF003BFDC4 /* CubbyUITests */,
				370E5BAA2E5127EC003BFDC4 /* Products */,
				3718EA712EFD87F40031C624 /* Recovered References */,
			);
			sourceTree = "<group>";
		};
		370E5BAA2E5127EC003BFDC4 /* Products */ = {
			isa = PBXGroup;
			children = (
				370E5BA92E5127EC003BFDC4 /* Cubby.app */,
				370E5BBA2E5127EF003BFDC4 /* CubbyTests.xctest */,
				370E5BC42E5127EF003BFDC4 /* CubbyUITests.xctest */,
			);
			name = Products;
			sourceTree = "<group>";
		};
		3718EA712EFD87F40031C624 /* Recovered References */ = {
			isa = PBXGroup;
			children = (
				525045A3693D4325A02E0B1D /* Cubby/Config/Debug.xcconfig */,
				90A3B87840CA423C9F8FBEE6 /* Cubby/Config/Release.xcconfig */,
			);
			name = "Recovered References";
			sourceTree = "<group>";
		};
/* End PBXGroup section */

/* Begin PBXNativeTarget section */
		370E5BA82E5127EC003BFDC4 /* Cubby */ = {
			isa = PBXNativeTarget;
			buildConfigurationList = 370E5BCD2E5127EF003BFDC4 /* Build configuration list for PBXNativeTarget "Cubby" */;
			buildPhases = (
				370E5BA52E5127EC003BFDC4 /* Sources */,
				370E5BA62E5127EC003BFDC4 /* Frameworks */,
				370E5BA72E5127EC003BFDC4 /* Resources */,
			);
			buildRules = (
			);
			dependencies = (
			);
			fileSystemSynchronizedGroups = (
				370E5BAB2E5127EC003BFDC4 /* Cubby */,
			);
			name = Cubby;
			packageProductDependencies = (
				514BA6AD05BB44498B9DBD0C /* RevenueCat */,
				4696093591D64506A131132A /* RevenueCatUI */,
			);
			productName = Cubby;
			productReference = 370E5BA92E5127EC003BFDC4 /* Cubby.app */;
			productType = "com.apple.product-type.application";
		};
		370E5BB92E5127EF003BFDC4 /* CubbyTests */ = {
			isa = PBXNativeTarget;
			buildConfigurationList = 370E5BD22E5127EF003BFDC4 /* Build configuration list for PBXNativeTarget "CubbyTests" */;
			buildPhases = (
				370E5BB62E5127EF003BFDC4 /* Sources */,
				370E5BB72E5127EF003BFDC4 /* Frameworks */,
				370E5BB82E5127EF003BFDC4 /* Resources */,
			);
			buildRules = (
			);
			dependencies = (
				370E5BBC2E5127EF003BFDC4 /* PBXTargetDependency */,
			);
			fileSystemSynchronizedGroups = (
				370E5BBD2E5127EF003BFDC4 /* CubbyTests */,
			);
			name = CubbyTests;
			packageProductDependencies = (
			);
			productName = CubbyTests;
			productReference = 370E5BBA2E5127EF003BFDC4 /* CubbyTests.xctest */;
			productType = "com.apple.product-type.bundle.unit-test";
		};
		370E5BC32E5127EF003BFDC4 /* CubbyUITests */ = {
			isa = PBXNativeTarget;
			buildConfigurationList = 370E5BD52E5127EF003BFDC4 /* Build configuration list for PBXNativeTarget "CubbyUITests" */;
			buildPhases = (
				370E5BC02E5127EF003BFDC4 /* Sources */,
				370E5BC12E5127EF003BFDC4 /* Frameworks */,
				370E5BC22E5127EF003BFDC4 /* Resources */,
			);
			buildRules = (
			);
			dependencies = (
				370E5BC62E5127EF003BFDC4 /* PBXTargetDependency */,
			);
			fileSystemSynchronizedGroups = (
				370E5BC72E5127EF003BFDC4 /* CubbyUITests */,
			);
			name = CubbyUITests;
			packageProductDependencies = (
			);
			productName = CubbyUITests;
			productReference = 370E5BC42E5127EF003BFDC4 /* CubbyUITests.xctest */;
			productType = "com.apple.product-type.bundle.ui-testing";
		};
/* End PBXNativeTarget section */

/* Begin PBXProject section */
		370E5BA12E5127EC003BFDC4 /* Project object */ = {
			isa = PBXProject;
			attributes = {
				BuildIndependentTargetsInParallel = 1;
				LastSwiftUpdateCheck = 1640;
				LastUpgradeCheck = 1640;
				TargetAttributes = {
					370E5BA82E5127EC003BFDC4 = {
						CreatedOnToolsVersion = 16.4;
					};
					370E5BB92E5127EF003BFDC4 = {
						CreatedOnToolsVersion = 16.4;
						TestTargetID = 370E5BA82E5127EC003BFDC4;
					};
					370E5BC32E5127EF003BFDC4 = {
						CreatedOnToolsVersion = 16.4;
						TestTargetID = 370E5BA82E5127EC003BFDC4;
					};
				};
			};
			buildConfigurationList = 370E5BA42E5127EC003BFDC4 /* Build configuration list for PBXProject "Cubby" */;
			developmentRegion = en;
			hasScannedForEncodings = 0;
			knownRegions = (
				en,
				Base,
			);
			mainGroup = 370E5BA02E5127EC003BFDC4;
			minimizedProjectReferenceProxies = 1;
			packageReferences = (
				C48ED792D3324BA2A6CD32BB /* XCRemoteSwiftPackageReference "purchases-ios" */,
			);
			preferredProjectObjectVersion = 77;
			productRefGroup = 370E5BAA2E5127EC003BFDC4 /* Products */;
			projectDirPath = "";
			projectRoot = "";
			targets = (
				370E5BA82E5127EC003BFDC4 /* Cubby */,
				370E5BB92E5127EF003BFDC4 /* CubbyTests */,
				370E5BC32E5127EF003BFDC4 /* CubbyUITests */,
			);
		};
/* End PBXProject section */

/* Begin PBXResourcesBuildPhase section */
		370E5BA72E5127EC003BFDC4 /* Resources */ = {
			isa = PBXResourcesBuildPhase;
			buildActionMask = 2147483647;
			files = (
			);
			runOnlyForDeploymentPostprocessing = 0;
		};
		370E5BB82E5127EF003BFDC4 /* Resources */ = {
			isa = PBXResourcesBuildPhase;
			buildActionMask = 2147483647;
			files = (
			);
			runOnlyForDeploymentPostprocessing = 0;
		};
		370E5BC22E5127EF003BFDC4 /* Resources */ = {
			isa = PBXResourcesBuildPhase;
			buildActionMask = 2147483647;
			files = (
			);
			runOnlyForDeploymentPostprocessing = 0;
		};
/* End PBXResourcesBuildPhase section */

/* Begin PBXSourcesBuildPhase section */
		370E5BA52E5127EC003BFDC4 /* Sources */ = {
			isa = PBXSourcesBuildPhase;
			buildActionMask = 2147483647;
			files = (
			);
			runOnlyForDeploymentPostprocessing = 0;
		};
		370E5BB62E5127EF003BFDC4 /* Sources */ = {
			isa = PBXSourcesBuildPhase;
			buildActionMask = 2147483647;
			files = (
			);
			runOnlyForDeploymentPostprocessing = 0;
		};
		370E5BC02E5127EF003BFDC4 /* Sources */ = {
			isa = PBXSourcesBuildPhase;
			buildActionMask = 2147483647;
			files = (
			);
			runOnlyForDeploymentPostprocessing = 0;
		};
/* End PBXSourcesBuildPhase section */

/* Begin PBXTargetDependency section */
		370E5BBC2E5127EF003BFDC4 /* PBXTargetDependency */ = {
			isa = PBXTargetDependency;
			target = 370E5BA82E5127EC003BFDC4 /* Cubby */;
			targetProxy = 370E5BBB2E5127EF003BFDC4 /* PBXContainerItemProxy */;
		};
		370E5BC62E5127EF003BFDC4 /* PBXTargetDependency */ = {
			isa = PBXTargetDependency;
			target = 370E5BA82E5127EC003BFDC4 /* Cubby */;
			targetProxy = 370E5BC52E5127EF003BFDC4 /* PBXContainerItemProxy */;
		};
/* End PBXTargetDependency section */

/* Begin XCBuildConfiguration section */
		370E5BCE2E5127EF003BFDC4 /* Debug */ = {
			isa = XCBuildConfiguration;
			baseConfigurationReference = 525045A3693D4325A02E0B1D /* Cubby/Config/Debug.xcconfig */;
			buildSettings = {
				ASSETCATALOG_COMPILER_APPICON_NAME = AppIcon;
				ASSETCATALOG_COMPILER_GLOBAL_ACCENT_COLOR_NAME = AccentColor;
				CODE_SIGN_ENTITLEMENTS = Cubby/Cubby.entitlements;
				CODE_SIGN_STYLE = Automatic;
				CURRENT_PROJECT_VERSION = 23;
				DEVELOPMENT_TEAM = CVE9ZKS33D;
				ENABLE_PREVIEWS = YES;
				GENERATE_INFOPLIST_FILE = YES;
				INFOPLIST_FILE = Cubby/Info.plist;
				INFOPLIST_KEY_ITSAppUsesNonExemptEncryption = NO;
				INFOPLIST_KEY_LSApplicationCategoryType = "public.app-category.utilities";
				INFOPLIST_KEY_UIApplicationSceneManifest_Generation = YES;
				INFOPLIST_KEY_UIApplicationSupportsIndirectInputEvents = YES;
				INFOPLIST_KEY_UILaunchScreen_Generation = YES;
				INFOPLIST_KEY_UISupportedInterfaceOrientations_iPad = "UIInterfaceOrientationPortrait UIInterfaceOrientationPortraitUpsideDown UIInterfaceOrientationLandscapeLeft UIInterfaceOrientationLandscapeRight";
				INFOPLIST_KEY_UISupportedInterfaceOrientations_iPhone = "UIInterfaceOrientationPortrait UIInterfaceOrientationLandscapeLeft UIInterfaceOrientationLandscapeRight";
				IPHONEOS_DEPLOYMENT_TARGET = 26.0;
				LD_RUNPATH_SEARCH_PATHS = (
					"$(inherited)",
					"@executable_path/Frameworks",
				);
				MARKETING_VERSION = 1.0;
				PRODUCT_BUNDLE_IDENTIFIER = com.barronroth.Cubby;
				PRODUCT_NAME = "$(TARGET_NAME)";
				SWIFT_EMIT_LOC_STRINGS = YES;
				SWIFT_VERSION = 5.0;
				TARGETED_DEVICE_FAMILY = 1;
			};
			name = Debug;
		};
		370E5BCF2E5127EF003BFDC4 /* Release */ = {
			isa = XCBuildConfiguration;
			baseConfigurationReference = 90A3B87840CA423C9F8FBEE6 /* Cubby/Config/Release.xcconfig */;
			buildSettings = {
				ASSETCATALOG_COMPILER_APPICON_NAME = AppIcon;
				ASSETCATALOG_COMPILER_GLOBAL_ACCENT_COLOR_NAME = AccentColor;
				CODE_SIGN_ENTITLEMENTS = Cubby/Cubby.entitlements;
				CODE_SIGN_STYLE = Automatic;
				CURRENT_PROJECT_VERSION = 23;
				DEVELOPMENT_TEAM = CVE9ZKS33D;
				ENABLE_PREVIEWS = YES;
				GENERATE_INFOPLIST_FILE = YES;
				INFOPLIST_FILE = Cubby/Info.plist;
				INFOPLIST_KEY_ITSAppUsesNonExemptEncryption = NO;
				INFOPLIST_KEY_LSApplicationCategoryType = "public.app-category.utilities";
				INFOPLIST_KEY_UIApplicationSceneManifest_Generation = YES;
				INFOPLIST_KEY_UIApplicationSupportsIndirectInputEvents = YES;
				INFOPLIST_KEY_UILaunchScreen_Generation = YES;
				INFOPLIST_KEY_UISupportedInterfaceOrientations_iPad = "UIInterfaceOrientationPortrait UIInterfaceOrientationPortraitUpsideDown UIInterfaceOrientationLandscapeLeft UIInterfaceOrientationLandscapeRight";
				INFOPLIST_KEY_UISupportedInterfaceOrientations_iPhone = "UIInterfaceOrientationPortrait UIInterfaceOrientationLandscapeLeft UIInterfaceOrientationLandscapeRight";
				IPHONEOS_DEPLOYMENT_TARGET = 26.0;
				LD_RUNPATH_SEARCH_PATHS = (
					"$(inherited)",
					"@executable_path/Frameworks",
				);
				MARKETING_VERSION = 1.0;
				PRODUCT_BUNDLE_IDENTIFIER = com.barronroth.Cubby;
				PRODUCT_NAME = "$(TARGET_NAME)";
				SWIFT_EMIT_LOC_STRINGS = YES;
				SWIFT_VERSION = 5.0;
				TARGETED_DEVICE_FAMILY = 1;
			};
			name = Release;
		};
		370E5BD02E5127EF003BFDC4 /* Debug */ = {
			isa = XCBuildConfiguration;
			buildSettings = {
				ALWAYS_SEARCH_USER_PATHS = NO;
				ASSETCATALOG_COMPILER_GENERATE_SWIFT_ASSET_SYMBOL_EXTENSIONS = YES;
				CLANG_ANALYZER_NONNULL = YES;
				CLANG_ANALYZER_NUMBER_OBJECT_CONVERSION = YES_AGGRESSIVE;
				CLANG_CXX_LANGUAGE_STANDARD = "gnu++20";
				CLANG_ENABLE_MODULES = YES;
				CLANG_ENABLE_OBJC_ARC = YES;
				CLANG_ENABLE_OBJC_WEAK = YES;
				CLANG_WARN_BLOCK_CAPTURE_AUTORELEASING = YES;
				CLANG_WARN_BOOL_CONVERSION = YES;
				CLANG_WARN_COMMA = YES;
				CLANG_WARN_CONSTANT_CONVERSION = YES;
				CLANG_WARN_DEPRECATED_OBJC_IMPLEMENTATIONS = YES;
				CLANG_WARN_DIRECT_OBJC_ISA_USAGE = YES_ERROR;
				CLANG_WARN_DOCUMENTATION_COMMENTS = YES;
				CLANG_WARN_EMPTY_BODY = YES;
				CLANG_WARN_ENUM_CONVERSION = YES;
				CLANG_WARN_INFINITE_RECURSION = YES;
				CLANG_WARN_INT_CONVERSION = YES;
				CLANG_WARN_NON_LITERAL_NULL_CONVERSION = YES;
				CLANG_WARN_OBJC_IMPLICIT_RETAIN_SELF = YES;
				CLANG_WARN_OBJC_LITERAL_CONVERSION = YES;
				CLANG_WARN_OBJC_ROOT_CLASS = YES_ERROR;
				CLANG_WARN_QUOTED_INCLUDE_IN_FRAMEWORK_HEADER = YES;
				CLANG_WARN_RANGE_LOOP_ANALYSIS = YES;
				CLANG_WARN_STRICT_PROTOTYPES = YES;
				CLANG_WARN_SUSPICIOUS_MOVE = YES;
				CLANG_WARN_UNGUARDED_AVAILABILITY = YES_AGGRESSIVE;
				CLANG_WARN_UNREACHABLE_CODE = YES;
				CLANG_WARN__DUPLICATE_METHOD_MATCH = YES;
				COPY_PHASE_STRIP = NO;
				DEBUG_INFORMATION_FORMAT = dwarf;
				ENABLE_STRICT_OBJC_MSGSEND = YES;
				ENABLE_TESTABILITY = YES;
				ENABLE_USER_SCRIPT_SANDBOXING = YES;
				GCC_C_LANGUAGE_STANDARD = gnu17;
				GCC_DYNAMIC_NO_PIC = NO;
				GCC_NO_COMMON_BLOCKS = YES;
				GCC_OPTIMIZATION_LEVEL = 0;
				GCC_PREPROCESSOR_DEFINITIONS = (
					"DEBUG=1",
					"$(inherited)",
				);
				GCC_WARN_64_TO_32_BIT_CONVERSION = YES;
				GCC_WARN_ABOUT_RETURN_TYPE = YES_ERROR;
				GCC_WARN_UNDECLARED_SELECTOR = YES;
				GCC_WARN_UNINITIALIZED_AUTOS = YES_AGGRESSIVE;
				GCC_WARN_UNUSED_FUNCTION = YES;
				GCC_WARN_UNUSED_VARIABLE = YES;
				IPHONEOS_DEPLOYMENT_TARGET = 26.0;
				LOCALIZATION_PREFERS_STRING_CATALOGS = YES;
				MTL_ENABLE_DEBUG_INFO = INCLUDE_SOURCE;
				MTL_FAST_MATH = YES;
				ONLY_ACTIVE_ARCH = YES;
				SDKROOT = iphoneos;
				SWIFT_ACTIVE_COMPILATION_CONDITIONS = "DEBUG $(inherited)";
				SWIFT_OPTIMIZATION_LEVEL = "-Onone";
			};
			name = Debug;
		};
		370E5BD12E5127EF003BFDC4 /* Release */ = {
			isa = XCBuildConfiguration;
			buildSettings = {
				ALWAYS_SEARCH_USER_PATHS = NO;
				ASSETCATALOG_COMPILER_GENERATE_SWIFT_ASSET_SYMBOL_EXTENSIONS = YES;
				CLANG_ANALYZER_NONNULL = YES;
				CLANG_ANALYZER_NUMBER_OBJECT_CONVERSION = YES_AGGRESSIVE;
				CLANG_CXX_LANGUAGE_STANDARD = "gnu++20";
				CLANG_ENABLE_MODULES = YES;
				CLANG_ENABLE_OBJC_ARC = YES;
				CLANG_ENABLE_OBJC_WEAK = YES;
				CLANG_WARN_BLOCK_CAPTURE_AUTORELEASING = YES;
				CLANG_WARN_BOOL_CONVERSION = YES;
				CLANG_WARN_COMMA = YES;
				CLANG_WARN_CONSTANT_CONVERSION = YES;
				CLANG_WARN_DEPRECATED_OBJC_IMPLEMENTATIONS = YES;
				CLANG_WARN_DIRECT_OBJC_ISA_USAGE = YES_ERROR;
				CLANG_WARN_DOCUMENTATION_COMMENTS = YES;
				CLANG_WARN_EMPTY_BODY = YES;
				CLANG_WARN_ENUM_CONVERSION = YES;
				CLANG_WARN_INFINITE_RECURSION = YES;
				CLANG_WARN_INT_CONVERSION = YES;
				CLANG_WARN_NON_LITERAL_NULL_CONVERSION = YES;
				CLANG_WARN_OBJC_IMPLICIT_RETAIN_SELF = YES;
				CLANG_WARN_OBJC_LITERAL_CONVERSION = YES;
				CLANG_WARN_OBJC_ROOT_CLASS = YES_ERROR;
				CLANG_WARN_QUOTED_INCLUDE_IN_FRAMEWORK_HEADER = YES;
				CLANG_WARN_RANGE_LOOP_ANALYSIS = YES;
				CLANG_WARN_STRICT_PROTOTYPES = YES;
				CLANG_WARN_SUSPICIOUS_MOVE = YES;
				CLANG_WARN_UNGUARDED_AVAILABILITY = YES_AGGRESSIVE;
				CLANG_WARN_UNREACHABLE_CODE = YES;
				CLANG_WARN__DUPLICATE_METHOD_MATCH = YES;
				COPY_PHASE_STRIP = NO;
				DEBUG_INFORMATION_FORMAT = "dwarf-with-dsym";
				ENABLE_NS_ASSERTIONS = NO;
				ENABLE_STRICT_OBJC_MSGSEND = YES;
				ENABLE_USER_SCRIPT_SANDBOXING = YES;
				GCC_C_LANGUAGE_STANDARD = gnu17;
				GCC_NO_COMMON_BLOCKS = YES;
				GCC_WARN_64_TO_32_BIT_CONVERSION = YES;
				GCC_WARN_ABOUT_RETURN_TYPE = YES_ERROR;
				GCC_WARN_UNDECLARED_SELECTOR = YES;
				GCC_WARN_UNINITIALIZED_AUTOS = YES_AGGRESSIVE;
				GCC_WARN_UNUSED_FUNCTION = YES;
				GCC_WARN_UNUSED_VARIABLE = YES;
				IPHONEOS_DEPLOYMENT_TARGET = 26.0;
				LOCALIZATION_PREFERS_STRING_CATALOGS = YES;
				MTL_ENABLE_DEBUG_INFO = NO;
				MTL_FAST_MATH = YES;
				SDKROOT = iphoneos;
				SWIFT_COMPILATION_MODE = wholemodule;
				VALIDATE_PRODUCT = YES;
			};
			name = Release;
		};
		370E5BD32E5127EF003BFDC4 /* Debug */ = {
			isa = XCBuildConfiguration;
			buildSettings = {
				BUNDLE_LOADER = "$(TEST_HOST)";
				CODE_SIGN_STYLE = Automatic;
				CURRENT_PROJECT_VERSION = 23;
				GENERATE_INFOPLIST_FILE = YES;
				IPHONEOS_DEPLOYMENT_TARGET = 26.0;
				MARKETING_VERSION = 1.0;
				PRODUCT_BUNDLE_IDENTIFIER = com.barronroth.CubbyTests;
				PRODUCT_NAME = "$(TARGET_NAME)";
				SWIFT_EMIT_LOC_STRINGS = NO;
				SWIFT_VERSION = 5.0;
				TARGETED_DEVICE_FAMILY = "1,2";
				TEST_HOST = "$(BUILT_PRODUCTS_DIR)/Cubby.app/$(BUNDLE_EXECUTABLE_FOLDER_PATH)/Cubby";
			};
			name = Debug;
		};
		370E5BD42E5127EF003BFDC4 /* Release */ = {
			isa = XCBuildConfiguration;
			buildSettings = {
				BUNDLE_LOADER = "$(TEST_HOST)";
				CODE_SIGN_STYLE = Automatic;
				CURRENT_PROJECT_VERSION = 23;
				GENERATE_INFOPLIST_FILE = YES;
				IPHONEOS_DEPLOYMENT_TARGET = 26.0;
				MARKETING_VERSION = 1.0;
				PRODUCT_BUNDLE_IDENTIFIER = com.barronroth.CubbyTests;
				PRODUCT_NAME = "$(TARGET_NAME)";
				SWIFT_EMIT_LOC_STRINGS = NO;
				SWIFT_VERSION = 5.0;
				TARGETED_DEVICE_FAMILY = "1,2";
				TEST_HOST = "$(BUILT_PRODUCTS_DIR)/Cubby.app/$(BUNDLE_EXECUTABLE_FOLDER_PATH)/Cubby";
			};
			name = Release;
		};
		370E5BD62E5127EF003BFDC4 /* Debug */ = {
			isa = XCBuildConfiguration;
			buildSettings = {
				CODE_SIGN_STYLE = Automatic;
				CURRENT_PROJECT_VERSION = 23;
				GENERATE_INFOPLIST_FILE = YES;
				MARKETING_VERSION = 1.0;
				PRODUCT_BUNDLE_IDENTIFIER = com.barronroth.CubbyUITests;
				PRODUCT_NAME = "$(TARGET_NAME)";
				SWIFT_EMIT_LOC_STRINGS = NO;
				SWIFT_VERSION = 5.0;
				TARGETED_DEVICE_FAMILY = "1,2";
				TEST_TARGET_NAME = Cubby;
			};
			name = Debug;
		};
		370E5BD72E5127EF003BFDC4 /* Release */ = {
			isa = XCBuildConfiguration;
			buildSettings = {
				CODE_SIGN_STYLE = Automatic;
				CURRENT_PROJECT_VERSION = 23;
				GENERATE_INFOPLIST_FILE = YES;
				MARKETING_VERSION = 1.0;
				PRODUCT_BUNDLE_IDENTIFIER = com.barronroth.CubbyUITests;
				PRODUCT_NAME = "$(TARGET_NAME)";
				SWIFT_EMIT_LOC_STRINGS = NO;
				SWIFT_VERSION = 5.0;
				TARGETED_DEVICE_FAMILY = "1,2";
				TEST_TARGET_NAME = Cubby;
			};
			name = Release;
		};
/* End XCBuildConfiguration section */

/* Begin XCConfigurationList section */
		370E5BA42E5127EC003BFDC4 /* Build configuration list for PBXProject "Cubby" */ = {
			isa = XCConfigurationList;
			buildConfigurations = (
				370E5BD02E5127EF003BFDC4 /* Debug */,
				370E5BD12E5127EF003BFDC4 /* Release */,
			);
			defaultConfigurationIsVisible = 0;
			defaultConfigurationName = Release;
		};
		370E5BCD2E5127EF003BFDC4 /* Build configuration list for PBXNativeTarget "Cubby" */ = {
			isa = XCConfigurationList;
			buildConfigurations = (
				370E5BCE2E5127EF003BFDC4 /* Debug */,
				370E5BCF2E5127EF003BFDC4 /* Release */,
			);
			defaultConfigurationIsVisible = 0;
			defaultConfigurationName = Release;
		};
		370E5BD22E5127EF003BFDC4 /* Build configuration list for PBXNativeTarget "CubbyTests" */ = {
			isa = XCConfigurationList;
			buildConfigurations = (
				370E5BD32E5127EF003BFDC4 /* Debug */,
				370E5BD42E5127EF003BFDC4 /* Release */,
			);
			defaultConfigurationIsVisible = 0;
			defaultConfigurationName = Release;
		};
		370E5BD52E5127EF003BFDC4 /* Build configuration list for PBXNativeTarget "CubbyUITests" */ = {
			isa = XCConfigurationList;
			buildConfigurations = (
				370E5BD62E5127EF003BFDC4 /* Debug */,
				370E5BD72E5127EF003BFDC4 /* Release */,
			);
			defaultConfigurationIsVisible = 0;
			defaultConfigurationName = Release;
		};
/* End XCConfigurationList section */

/* Begin XCRemoteSwiftPackageReference section */
		C48ED792D3324BA2A6CD32BB /* XCRemoteSwiftPackageReference "purchases-ios" */ = {
			isa = XCRemoteSwiftPackageReference;
			repositoryURL = "https://github.com/RevenueCat/purchases-ios";
			requirement = {
				kind = upToNextMajorVersion;
				minimumVersion = 5.0.0;
			};
		};
/* End XCRemoteSwiftPackageReference section */

/* Begin XCSwiftPackageProductDependency section */
		4696093591D64506A131132A /* RevenueCatUI */ = {
			isa = XCSwiftPackageProductDependency;
			package = C48ED792D3324BA2A6CD32BB /* XCRemoteSwiftPackageReference "purchases-ios" */;
			productName = RevenueCatUI;
		};
		514BA6AD05BB44498B9DBD0C /* RevenueCat */ = {
			isa = XCSwiftPackageProductDependency;
			package = C48ED792D3324BA2A6CD32BB /* XCRemoteSwiftPackageReference "purchases-ios" */;
			productName = RevenueCat;
		};
/* End XCSwiftPackageProductDependency section */
	};
	rootObject = 370E5BA12E5127EC003BFDC4 /* Project object */;
}
