{
  "originHash" : "29321ae2c5875abe034601b5c84a05504a346984fdef54f437857dd3915426c8",
  "pins" : [
    {
      "identity" : "mcemojipicker",
      "kind" : "remoteSourceControl",
      "location" : "https://github.com/barronlroth/MCEmojiPicker",
      "state" : {
        "revision" : "2391491cb0dcbba479ec8b3425b726d3e8617d19"
      }
    },
    {
      "identity" : "purchases-ios",
      "kind" : "remoteSourceControl",
      "location" : "https://github.com/RevenueCat/purchases-ios",
      "state" : {
        "revision" : "21e33549780659771085e252093305d12c3b067d",
        "version" : "5.52.0"
      }
    }
  ],
  "version" : 3
}
