{
  "originHash" : "1146c8ca9802c5735f4a004554fceebda20f9e7b4b06b9e2171a711def783663",
  "pins" : [
    {
      "identity" : "mcemojipicker",
      "kind" : "remoteSourceControl",
      "location" : "https://github.com/codergon/MCEmojiPicker",
      "state" : {
        "revision" : "050136050a33d4a7ae76f31050084aa403c77e78"
      }
    },
    {
      "identity" : "purchases-ios",
      "kind" : "remoteSourceControl",
      "location" : "https://github.com/RevenueCat/purchases-ios",
      "state" : {
        "revision" : "21e33549780659771085e252093305d12c3b067d",
        "version" : "5.52.0"
      }
    }
  ],
  "version" : 3
}
