{
  "originHash" : "fc6ad783e10454de647eafd2da6092a8279c0eaa2253d5e318b11eea550edf23",
  "pins" : [
    {
      "identity" : "mcemojipicker",
      "kind" : "remoteSourceControl",
      "location" : "https://github.com/izyumkin/MCEmojiPicker",
      "state" : {
        "revision" : "e5b3ed359b04370287366a7c15ffa7013cdd4eec",
        "version" : "1.2.5"
      }
    },
    {
      "identity" : "purchases-ios",
      "kind" : "remoteSourceControl",
      "location" : "https://github.com/RevenueCat/purchases-ios",
      "state" : {
        "revision" : "21e33549780659771085e252093305d12c3b067d",
        "version" : "5.52.0"
      }
    }
  ],
  "version" : 3
}
